
Microsoft Visual Studio Solution File, Format Version 12.00
# Visual Studio 15
VisualStudioVersion = 15.0.28307.1401
MinimumVisualStudioVersion = 10.0.40219.1
Project("{FAE04EC0-301F-11D3-BF4B-00C04F79EFBC}") = "Assignment 4", "Assignment 4\Assignment 4.csproj", "{49F4C8DD-0D7F-448D-9426-C8DC01F66DD7}"
EndProject
Global
	GlobalSection(SolutionConfigurationPlatforms) = preSolution
		Debug|Any CPU = Debug|Any CPU
		Release|Any CPU = Release|Any CPU
	EndGlobalSection
	GlobalSection(ProjectConfigurationPlatforms) = postSolution
		{49F4C8DD-0D7F-448D-9426-C8DC01F66DD7}.Debug|Any CPU.ActiveCfg = Debug|Any CPU
		{49F4C8DD-0D7F-448D-9426-C8DC01F66DD7}.Debug|Any CPU.Build.0 = Debug|Any CPU
		{49F4C8DD-0D7F-448D-9426-C8DC01F66DD7}.Release|Any CPU.ActiveCfg = Release|Any CPU
		{49F4C8DD-0D7F-448D-9426-C8DC01F66DD7}.Release|Any CPU.Build.0 = Release|Any CPU
	EndGlobalSection
	GlobalSection(SolutionProperties) = preSolution
		HideSolutionNode = FALSE
	EndGlobalSection
	GlobalSection(ExtensibilityGlobals) = postSolution
		SolutionGuid = {A38754FB-D769-44C5-A2C0-D285081AABE1}
	EndGlobalSection
EndGlobal
